
Microsoft Visual Studio Solution File, Format Version 10.00
# Visual Studio 2008
Project("{8BC9CEB8-8B4A-11D0-8D11-00A0C91BC942}") = "pgdk", "build\pgdk.vcproj", "{670D3A4D-6A1D-4DC3-AC50-AC6002EAC911}"
EndProject
Project("{2150E333-8FDC-42A3-9474-1A3956D46DE8}") = "example", "example", "{0C3D569A-8BFD-4462-A391-A5FD449FEDA6}"
EndProject
Project("{8BC9CEB8-8B4A-11D0-8D11-00A0C91BC942}") = "delegate", "examples\build\delegate.vcproj", "{695EA497-2217-47D6-92BE-903AB0B2DFCD}"
	ProjectSection(ProjectDependencies) = postProject
		{670D3A4D-6A1D-4DC3-AC50-AC6002EAC911} = {670D3A4D-6A1D-4DC3-AC50-AC6002EAC911}
	EndProjectSection
EndProject
Project("{8BC9CEB8-8B4A-11D0-8D11-00A0C91BC942}") = "thread", "examples\build\thread.vcproj", "{28500609-48DE-4A92-AF95-A86B73790F58}"
	ProjectSection(ProjectDependencies) = postProject
		{670D3A4D-6A1D-4DC3-AC50-AC6002EAC911} = {670D3A4D-6A1D-4DC3-AC50-AC6002EAC911}
	EndProjectSection
EndProject
Global
	GlobalSection(SolutionConfigurationPlatforms) = preSolution
		Debug|Win32 = Debug|Win32
		Release|Win32 = Release|Win32
	EndGlobalSection
	GlobalSection(ProjectConfigurationPlatforms) = postSolution
		{670D3A4D-6A1D-4DC3-AC50-AC6002EAC911}.Debug|Win32.ActiveCfg = Debug|Win32
		{670D3A4D-6A1D-4DC3-AC50-AC6002EAC911}.Debug|Win32.Build.0 = Debug|Win32
		{670D3A4D-6A1D-4DC3-AC50-AC6002EAC911}.Release|Win32.ActiveCfg = Release|Win32
		{670D3A4D-6A1D-4DC3-AC50-AC6002EAC911}.Release|Win32.Build.0 = Release|Win32
		{695EA497-2217-47D6-92BE-903AB0B2DFCD}.Debug|Win32.ActiveCfg = Debug|Win32
		{695EA497-2217-47D6-92BE-903AB0B2DFCD}.Debug|Win32.Build.0 = Debug|Win32
		{695EA497-2217-47D6-92BE-903AB0B2DFCD}.Release|Win32.ActiveCfg = Release|Win32
		{695EA497-2217-47D6-92BE-903AB0B2DFCD}.Release|Win32.Build.0 = Release|Win32
		{28500609-48DE-4A92-AF95-A86B73790F58}.Debug|Win32.ActiveCfg = Debug|Win32
		{28500609-48DE-4A92-AF95-A86B73790F58}.Debug|Win32.Build.0 = Debug|Win32
		{28500609-48DE-4A92-AF95-A86B73790F58}.Release|Win32.ActiveCfg = Release|Win32
		{28500609-48DE-4A92-AF95-A86B73790F58}.Release|Win32.Build.0 = Release|Win32
	EndGlobalSection
	GlobalSection(SolutionProperties) = preSolution
		HideSolutionNode = FALSE
	EndGlobalSection
	GlobalSection(NestedProjects) = preSolution
		{695EA497-2217-47D6-92BE-903AB0B2DFCD} = {0C3D569A-8BFD-4462-A391-A5FD449FEDA6}
		{28500609-48DE-4A92-AF95-A86B73790F58} = {0C3D569A-8BFD-4462-A391-A5FD449FEDA6}
	EndGlobalSection
EndGlobal
